// !$*UTF8*$!
{
	archiveVersion = 1;
	classes = {
	};
	objectVersion = 51;
	objects = {

/* Begin PBXBuildFile section */
		1BE42431261D5184000220D7 /* NBAStatsGoTests.swift in Sources */ = {isa = PBXBuildFile; fileRef = 1BE42430261D5184000220D7 /* NBAStatsGoTests.swift */; };
		1BE42449261E985A000220D7 /* teams.json in Resources */ = {isa = PBXBuildFile; fileRef = 1BE42448261E985A000220D7 /* teams.json */; };
		451025C0EBD1F00C8AE29DBA /* Pods_NBAStatsGo.framework in Frameworks */ = {isa = PBXBuildFile; fileRef = 88DBDBE8F2EC94B4889FC0A0 /* Pods_NBAStatsGo.framework */; };
		944B74B2A6969586ABAF6F8B /* Pods_NBAStatsGoTests.framework in Frameworks */ = {isa = PBXBuildFile; fileRef = 2BEABBC57A98719E53426A81 /* Pods_NBAStatsGoTests.framework */; };
		C333A8B4261C308E002055DB /* HomeViewController.swift in Sources */ = {isa = PBXBuildFile; fileRef = C333A8B3261C308E002055DB /* HomeViewController.swift */; };
		C333A8C0261C570F002055DB /* SearchTableViewControllerExtension.swift in Sources */ = {isa = PBXBuildFile; fileRef = C333A8BF261C570F002055DB /* SearchTableViewControllerExtension.swift */; };
		C333A8C4261C606B002055DB /* SectionHeaderLabel.swift in Sources */ = {isa = PBXBuildFile; fileRef = C333A8C3261C606B002055DB /* SectionHeaderLabel.swift */; };
		C333A8C9261C717E002055DB /* StatlinesViewControllerExtension.swift in Sources */ = {isa = PBXBuildFile; fileRef = C333A8C8261C717E002055DB /* StatlinesViewControllerExtension.swift */; };
		C333A8CE261CC1F9002055DB /* ComparisonViewControllerExtension.swift in Sources */ = {isa = PBXBuildFile; fileRef = C333A8CD261CC1F9002055DB /* ComparisonViewControllerExtension.swift */; };
		C333A8D1261EBFDD002055DB /* Alert.swift in Sources */ = {isa = PBXBuildFile; fileRef = C333A8D0261EBFDC002055DB /* Alert.swift */; };
		C334ED4A26127A2600F38E32 /* StatlinesViewController.swift in Sources */ = {isa = PBXBuildFile; fileRef = C334ED4926127A2600F38E32 /* StatlinesViewController.swift */; };
		C334ED4D26127A7A00F38E32 /* ComparisonViewController.swift in Sources */ = {isa = PBXBuildFile; fileRef = C334ED4C26127A7A00F38E32 /* ComparisonViewController.swift */; };
		C334ED502612873B00F38E32 /* PlayerStatsViewController.swift in Sources */ = {isa = PBXBuildFile; fileRef = C334ED4F2612873B00F38E32 /* PlayerStatsViewController.swift */; };
		C334ED532612890800F38E32 /* ChartComparisonViewController.swift in Sources */ = {isa = PBXBuildFile; fileRef = C334ED522612890700F38E32 /* ChartComparisonViewController.swift */; };
		C334ED5926138BB000F38E32 /* Initializers.swift in Sources */ = {isa = PBXBuildFile; fileRef = C334ED5826138BB000F38E32 /* Initializers.swift */; };
		C334ED682613953D00F38E32 /* APIError.swift in Sources */ = {isa = PBXBuildFile; fileRef = C334ED5E2613953D00F38E32 /* APIError.swift */; };
		C334ED692613953D00F38E32 /* APIManager.swift in Sources */ = {isa = PBXBuildFile; fileRef = C334ED5F2613953D00F38E32 /* APIManager.swift */; };
		C334ED6A2613953D00F38E32 /* BallDontLieAPIManager.swift in Sources */ = {isa = PBXBuildFile; fileRef = C334ED602613953D00F38E32 /* BallDontLieAPIManager.swift */; };
		C334ED6B2613953D00F38E32 /* PlayerGameStats.swift in Sources */ = {isa = PBXBuildFile; fileRef = C334ED622613953D00F38E32 /* PlayerGameStats.swift */; };
		C334ED6C2613953D00F38E32 /* PlayerSeasonAverageStats.swift in Sources */ = {isa = PBXBuildFile; fileRef = C334ED632613953D00F38E32 /* PlayerSeasonAverageStats.swift */; };
		C334ED6D2613953D00F38E32 /* Game.swift in Sources */ = {isa = PBXBuildFile; fileRef = C334ED642613953D00F38E32 /* Game.swift */; };
		C334ED6E2613953D00F38E32 /* Team.swift in Sources */ = {isa = PBXBuildFile; fileRef = C334ED652613953D00F38E32 /* Team.swift */; };
		C334ED6F2613953D00F38E32 /* StatCategory.swift in Sources */ = {isa = PBXBuildFile; fileRef = C334ED662613953D00F38E32 /* StatCategory.swift */; };
		C334ED702613953D00F38E32 /* Player.swift in Sources */ = {isa = PBXBuildFile; fileRef = C334ED672613953D00F38E32 /* Player.swift */; };
		C3730AE0260FD2B800D29E07 /* AppDelegate.swift in Sources */ = {isa = PBXBuildFile; fileRef = C3730ADF260FD2B800D29E07 /* AppDelegate.swift */; };
		C3730AE2260FD2B800D29E07 /* SceneDelegate.swift in Sources */ = {isa = PBXBuildFile; fileRef = C3730AE1260FD2B800D29E07 /* SceneDelegate.swift */; };
		C3730AE7260FD2B800D29E07 /* Main.storyboard in Resources */ = {isa = PBXBuildFile; fileRef = C3730AE5260FD2B800D29E07 /* Main.storyboard */; };
		C3730AE9260FD2BC00D29E07 /* Assets.xcassets in Resources */ = {isa = PBXBuildFile; fileRef = C3730AE8260FD2BC00D29E07 /* Assets.xcassets */; };
		C3730AEC260FD2BC00D29E07 /* LaunchScreen.storyboard in Resources */ = {isa = PBXBuildFile; fileRef = C3730AEA260FD2BC00D29E07 /* LaunchScreen.storyboard */; };
		C3730AF7260FE1C100D29E07 /* README.md in Resources */ = {isa = PBXBuildFile; fileRef = C3730AF6260FE1C100D29E07 /* README.md */; };
		C3730AFB2612609800D29E07 /* SearchTableViewController.swift in Sources */ = {isa = PBXBuildFile; fileRef = C3730AFA2612609800D29E07 /* SearchTableViewController.swift */; };
		C3DA7FE22625AD02000CB062 /* GeneralExtensions.swift in Sources */ = {isa = PBXBuildFile; fileRef = C3DA7FE12625AD02000CB062 /* GeneralExtensions.swift */; };
		C3DAB4F226200BCA0070DD25 /* ChartComparisonViewControllerExtension.swift in Sources */ = {isa = PBXBuildFile; fileRef = C3DAB4F126200BCA0070DD25 /* ChartComparisonViewControllerExtension.swift */; };
		C3DAB4F5262018150070DD25 /* ChartComparisonCell.swift in Sources */ = {isa = PBXBuildFile; fileRef = C3DAB4F4262018150070DD25 /* ChartComparisonCell.swift */; };
		C3DAB4F82620382B0070DD25 /* StatlinesViewPickerExtension.swift in Sources */ = {isa = PBXBuildFile; fileRef = C3DAB4F72620382B0070DD25 /* StatlinesViewPickerExtension.swift */; };
/* End PBXBuildFile section */

/* Begin PBXContainerItemProxy section */
		1BE42433261D5184000220D7 /* PBXContainerItemProxy */ = {
			isa = PBXContainerItemProxy;
			containerPortal = C3730AD4260FD2B700D29E07 /* Project object */;
			proxyType = 1;
			remoteGlobalIDString = C3730ADB260FD2B800D29E07;
			remoteInfo = NBAStatsGo;
		};
/* End PBXContainerItemProxy section */

/* Begin PBXFileReference section */
		004EC43B8BCE11FC293D264B /* Pods-NBAStatsGoTests.debug.xcconfig */ = {isa = PBXFileReference; includeInIndex = 1; lastKnownFileType = text.xcconfig; name = "Pods-NBAStatsGoTests.debug.xcconfig"; path = "Target Support Files/Pods-NBAStatsGoTests/Pods-NBAStatsGoTests.debug.xcconfig"; sourceTree = "<group>"; };
		1BE4242E261D5184000220D7 /* NBAStatsGoTests.xctest */ = {isa = PBXFileReference; explicitFileType = wrapper.cfbundle; includeInIndex = 0; path = NBAStatsGoTests.xctest; sourceTree = BUILT_PRODUCTS_DIR; };
		1BE42430261D5184000220D7 /* NBAStatsGoTests.swift */ = {isa = PBXFileReference; lastKnownFileType = sourcecode.swift; path = NBAStatsGoTests.swift; sourceTree = "<group>"; };
		1BE42432261D5184000220D7 /* Info.plist */ = {isa = PBXFileReference; lastKnownFileType = text.plist.xml; path = Info.plist; sourceTree = "<group>"; };
		1BE42448261E985A000220D7 /* teams.json */ = {isa = PBXFileReference; lastKnownFileType = text.json; path = teams.json; sourceTree = "<group>"; };
		2BEABBC57A98719E53426A81 /* Pods_NBAStatsGoTests.framework */ = {isa = PBXFileReference; explicitFileType = wrapper.framework; includeInIndex = 0; path = Pods_NBAStatsGoTests.framework; sourceTree = BUILT_PRODUCTS_DIR; };
		2EAB030DAF9AFB1C4B80EA02 /* Pods-NBAStatsGoTests.release.xcconfig */ = {isa = PBXFileReference; includeInIndex = 1; lastKnownFileType = text.xcconfig; name = "Pods-NBAStatsGoTests.release.xcconfig"; path = "Target Support Files/Pods-NBAStatsGoTests/Pods-NBAStatsGoTests.release.xcconfig"; sourceTree = "<group>"; };
		88DBDBE8F2EC94B4889FC0A0 /* Pods_NBAStatsGo.framework */ = {isa = PBXFileReference; explicitFileType = wrapper.framework; includeInIndex = 0; path = Pods_NBAStatsGo.framework; sourceTree = BUILT_PRODUCTS_DIR; };
		C333A8B3261C308E002055DB /* HomeViewController.swift */ = {isa = PBXFileReference; lastKnownFileType = sourcecode.swift; path = HomeViewController.swift; sourceTree = "<group>"; };
		C333A8BF261C570F002055DB /* SearchTableViewControllerExtension.swift */ = {isa = PBXFileReference; lastKnownFileType = sourcecode.swift; path = SearchTableViewControllerExtension.swift; sourceTree = "<group>"; };
		C333A8C3261C606B002055DB /* SectionHeaderLabel.swift */ = {isa = PBXFileReference; lastKnownFileType = sourcecode.swift; path = SectionHeaderLabel.swift; sourceTree = "<group>"; };
		C333A8C8261C717E002055DB /* StatlinesViewControllerExtension.swift */ = {isa = PBXFileReference; lastKnownFileType = sourcecode.swift; path = StatlinesViewControllerExtension.swift; sourceTree = "<group>"; };
		C333A8CD261CC1F9002055DB /* ComparisonViewControllerExtension.swift */ = {isa = PBXFileReference; lastKnownFileType = sourcecode.swift; path = ComparisonViewControllerExtension.swift; sourceTree = "<group>"; };
		C333A8D0261EBFDC002055DB /* Alert.swift */ = {isa = PBXFileReference; lastKnownFileType = sourcecode.swift; path = Alert.swift; sourceTree = "<group>"; };
		C334ED4926127A2600F38E32 /* StatlinesViewController.swift */ = {isa = PBXFileReference; lastKnownFileType = sourcecode.swift; path = StatlinesViewController.swift; sourceTree = "<group>"; };
		C334ED4C26127A7A00F38E32 /* ComparisonViewController.swift */ = {isa = PBXFileReference; lastKnownFileType = sourcecode.swift; path = ComparisonViewController.swift; sourceTree = "<group>"; };
		C334ED4F2612873B00F38E32 /* PlayerStatsViewController.swift */ = {isa = PBXFileReference; lastKnownFileType = sourcecode.swift; path = PlayerStatsViewController.swift; sourceTree = "<group>"; };
		C334ED522612890700F38E32 /* ChartComparisonViewController.swift */ = {isa = PBXFileReference; lastKnownFileType = sourcecode.swift; path = ChartComparisonViewController.swift; sourceTree = "<group>"; };
		C334ED5826138BB000F38E32 /* Initializers.swift */ = {isa = PBXFileReference; lastKnownFileType = sourcecode.swift; path = Initializers.swift; sourceTree = "<group>"; };
		C334ED5E2613953D00F38E32 /* APIError.swift */ = {isa = PBXFileReference; fileEncoding = 4; lastKnownFileType = sourcecode.swift; path = APIError.swift; sourceTree = "<group>"; };
		C334ED5F2613953D00F38E32 /* APIManager.swift */ = {isa = PBXFileReference; fileEncoding = 4; lastKnownFileType = sourcecode.swift; path = APIManager.swift; sourceTree = "<group>"; };
		C334ED602613953D00F38E32 /* BallDontLieAPIManager.swift */ = {isa = PBXFileReference; fileEncoding = 4; lastKnownFileType = sourcecode.swift; path = BallDontLieAPIManager.swift; sourceTree = "<group>"; };
		C334ED622613953D00F38E32 /* PlayerGameStats.swift */ = {isa = PBXFileReference; fileEncoding = 4; lastKnownFileType = sourcecode.swift; path = PlayerGameStats.swift; sourceTree = "<group>"; };
		C334ED632613953D00F38E32 /* PlayerSeasonAverageStats.swift */ = {isa = PBXFileReference; fileEncoding = 4; lastKnownFileType = sourcecode.swift; path = PlayerSeasonAverageStats.swift; sourceTree = "<group>"; };
		C334ED642613953D00F38E32 /* Game.swift */ = {isa = PBXFileReference; fileEncoding = 4; lastKnownFileType = sourcecode.swift; path = Game.swift; sourceTree = "<group>"; };
		C334ED652613953D00F38E32 /* Team.swift */ = {isa = PBXFileReference; fileEncoding = 4; lastKnownFileType = sourcecode.swift; path = Team.swift; sourceTree = "<group>"; };
		C334ED662613953D00F38E32 /* StatCategory.swift */ = {isa = PBXFileReference; fileEncoding = 4; lastKnownFileType = sourcecode.swift; path = StatCategory.swift; sourceTree = "<group>"; };
		C334ED672613953D00F38E32 /* Player.swift */ = {isa = PBXFileReference; fileEncoding = 4; lastKnownFileType = sourcecode.swift; path = Player.swift; sourceTree = "<group>"; };
		C3730ADC260FD2B800D29E07 /* NBAStatsGo.app */ = {isa = PBXFileReference; explicitFileType = wrapper.application; includeInIndex = 0; path = NBAStatsGo.app; sourceTree = BUILT_PRODUCTS_DIR; };
		C3730ADF260FD2B800D29E07 /* AppDelegate.swift */ = {isa = PBXFileReference; lastKnownFileType = sourcecode.swift; path = AppDelegate.swift; sourceTree = "<group>"; };
		C3730AE1260FD2B800D29E07 /* SceneDelegate.swift */ = {isa = PBXFileReference; lastKnownFileType = sourcecode.swift; path = SceneDelegate.swift; sourceTree = "<group>"; };
		C3730AE6260FD2B800D29E07 /* Base */ = {isa = PBXFileReference; lastKnownFileType = file.storyboard; name = Base; path = Base.lproj/Main.storyboard; sourceTree = "<group>"; };
		C3730AE8260FD2BC00D29E07 /* Assets.xcassets */ = {isa = PBXFileReference; lastKnownFileType = folder.assetcatalog; path = Assets.xcassets; sourceTree = "<group>"; };
		C3730AEB260FD2BC00D29E07 /* Base */ = {isa = PBXFileReference; lastKnownFileType = file.storyboard; name = Base; path = Base.lproj/LaunchScreen.storyboard; sourceTree = "<group>"; };
		C3730AED260FD2BC00D29E07 /* Info.plist */ = {isa = PBXFileReference; lastKnownFileType = text.plist.xml; path = Info.plist; sourceTree = "<group>"; };
		C3730AF6260FE1C100D29E07 /* README.md */ = {isa = PBXFileReference; fileEncoding = 4; lastKnownFileType = net.daringfireball.markdown; path = README.md; sourceTree = "<group>"; };
		C3730AFA2612609800D29E07 /* SearchTableViewController.swift */ = {isa = PBXFileReference; lastKnownFileType = sourcecode.swift; path = SearchTableViewController.swift; sourceTree = "<group>"; };
		C3DA7FE12625AD02000CB062 /* GeneralExtensions.swift */ = {isa = PBXFileReference; fileEncoding = 4; lastKnownFileType = sourcecode.swift; name = GeneralExtensions.swift; path = NBAStatsGo/Helpers/GeneralExtensions.swift; sourceTree = SOURCE_ROOT; };
		C3DAB4F126200BCA0070DD25 /* ChartComparisonViewControllerExtension.swift */ = {isa = PBXFileReference; lastKnownFileType = sourcecode.swift; path = ChartComparisonViewControllerExtension.swift; sourceTree = "<group>"; };
		C3DAB4F4262018150070DD25 /* ChartComparisonCell.swift */ = {isa = PBXFileReference; lastKnownFileType = sourcecode.swift; path = ChartComparisonCell.swift; sourceTree = "<group>"; };
		C3DAB4F72620382B0070DD25 /* StatlinesViewPickerExtension.swift */ = {isa = PBXFileReference; lastKnownFileType = sourcecode.swift; path = StatlinesViewPickerExtension.swift; sourceTree = "<group>"; };
		C5A0C36BE8F24BBD6A2AFC8B /* Pods-NBAStatsGo.debug.xcconfig */ = {isa = PBXFileReference; includeInIndex = 1; lastKnownFileType = text.xcconfig; name = "Pods-NBAStatsGo.debug.xcconfig"; path = "Target Support Files/Pods-NBAStatsGo/Pods-NBAStatsGo.debug.xcconfig"; sourceTree = "<group>"; };
		D37E08CC5721A1D59103635C /* Pods-NBAStatsGo.release.xcconfig */ = {isa = PBXFileReference; includeInIndex = 1; lastKnownFileType = text.xcconfig; name = "Pods-NBAStatsGo.release.xcconfig"; path = "Target Support Files/Pods-NBAStatsGo/Pods-NBAStatsGo.release.xcconfig"; sourceTree = "<group>"; };
/* End PBXFileReference section */

/* Begin PBXFrameworksBuildPhase section */
		1BE4242B261D5184000220D7 /* Frameworks */ = {
			isa = PBXFrameworksBuildPhase;
			buildActionMask = 2147483647;
			files = (
				944B74B2A6969586ABAF6F8B /* Pods_NBAStatsGoTests.framework in Frameworks */,
			);
			runOnlyForDeploymentPostprocessing = 0;
		};
		C3730AD9260FD2B800D29E07 /* Frameworks */ = {
			isa = PBXFrameworksBuildPhase;
			buildActionMask = 2147483647;
			files = (
				451025C0EBD1F00C8AE29DBA /* Pods_NBAStatsGo.framework in Frameworks */,
			);
			runOnlyForDeploymentPostprocessing = 0;
		};
/* End PBXFrameworksBuildPhase section */

/* Begin PBXGroup section */
		0A2659A6005DDB1677FA9AD5 /* Pods */ = {
			isa = PBXGroup;
			children = (
				C5A0C36BE8F24BBD6A2AFC8B /* Pods-NBAStatsGo.debug.xcconfig */,
				D37E08CC5721A1D59103635C /* Pods-NBAStatsGo.release.xcconfig */,
				004EC43B8BCE11FC293D264B /* Pods-NBAStatsGoTests.debug.xcconfig */,
				2EAB030DAF9AFB1C4B80EA02 /* Pods-NBAStatsGoTests.release.xcconfig */,
			);
			path = Pods;
			sourceTree = "<group>";
		};
		1BE4242F261D5184000220D7 /* NBAStatsGoTests */ = {
			isa = PBXGroup;
			children = (
				1BE42430261D5184000220D7 /* NBAStatsGoTests.swift */,
				1BE42432261D5184000220D7 /* Info.plist */,
			);
			path = NBAStatsGoTests;
			sourceTree = "<group>";
		};
		C333A8BD261C56C1002055DB /* SearchTable */ = {
			isa = PBXGroup;
			children = (
				C333A8BE261C56CB002055DB /* Extensions */,
			);
			path = SearchTable;
			sourceTree = "<group>";
		};
		C333A8BE261C56CB002055DB /* Extensions */ = {
			isa = PBXGroup;
			children = (
				C333A8BF261C570F002055DB /* SearchTableViewControllerExtension.swift */,
			);
			path = Extensions;
			sourceTree = "<group>";
		};
		C333A8C2261C604B002055DB /* Components */ = {
			isa = PBXGroup;
			children = (
				C333A8C3261C606B002055DB /* SectionHeaderLabel.swift */,
				C333A8D0261EBFDC002055DB /* Alert.swift */,
				C3DAB4F4262018150070DD25 /* ChartComparisonCell.swift */,
			);
			path = Components;
			sourceTree = "<group>";
		};
		C333A8C6261C7153002055DB /* StatlinesView */ = {
			isa = PBXGroup;
			children = (
				C333A8C7261C716D002055DB /* Extensions */,
			);
			path = StatlinesView;
			sourceTree = "<group>";
		};
		C333A8C7261C716D002055DB /* Extensions */ = {
			isa = PBXGroup;
			children = (
				C333A8C8261C717E002055DB /* StatlinesViewControllerExtension.swift */,
				C3DAB4F72620382B0070DD25 /* StatlinesViewPickerExtension.swift */,
			);
			path = Extensions;
			sourceTree = "<group>";
		};
		C333A8CB261CC1DF002055DB /* ComparisonView */ = {
			isa = PBXGroup;
			children = (
				C333A8CC261CC1E5002055DB /* Extensions */,
			);
			path = ComparisonView;
			sourceTree = "<group>";
		};
		C333A8CC261CC1E5002055DB /* Extensions */ = {
			isa = PBXGroup;
			children = (
				C333A8CD261CC1F9002055DB /* ComparisonViewControllerExtension.swift */,
			);
			path = Extensions;
			sourceTree = "<group>";
		};
		C334ED552613858100F38E32 /* Helpers */ = {
			isa = PBXGroup;
			children = (
				C3DAB4EF26200BA30070DD25 /* ChartComparison */,
				C333A8CB261CC1DF002055DB /* ComparisonView */,
				C333A8C6261C7153002055DB /* StatlinesView */,
				C333A8BD261C56C1002055DB /* SearchTable */,
				C334ED5826138BB000F38E32 /* Initializers.swift */,
				C3DA7FE12625AD02000CB062 /* GeneralExtensions.swift */,
			);
			path = Helpers;
			sourceTree = "<group>";
		};
		C334ED5D2613953D00F38E32 /* API */ = {
			isa = PBXGroup;
			children = (
				C334ED5E2613953D00F38E32 /* APIError.swift */,
				C334ED5F2613953D00F38E32 /* APIManager.swift */,
				C334ED602613953D00F38E32 /* BallDontLieAPIManager.swift */,
			);
			path = API;
			sourceTree = "<group>";
		};
		C334ED612613953D00F38E32 /* Model */ = {
			isa = PBXGroup;
			children = (
				C334ED622613953D00F38E32 /* PlayerGameStats.swift */,
				C334ED632613953D00F38E32 /* PlayerSeasonAverageStats.swift */,
				C334ED642613953D00F38E32 /* Game.swift */,
				C334ED652613953D00F38E32 /* Team.swift */,
				C334ED662613953D00F38E32 /* StatCategory.swift */,
				C334ED672613953D00F38E32 /* Player.swift */,
				1BE42448261E985A000220D7 /* teams.json */,
			);
			path = Model;
			sourceTree = "<group>";
		};
		C3730AD3260FD2B700D29E07 = {
			isa = PBXGroup;
			children = (
				C3730AF6260FE1C100D29E07 /* README.md */,
				C3730ADE260FD2B800D29E07 /* NBAStatsGo */,
				1BE4242F261D5184000220D7 /* NBAStatsGoTests */,
				C3730ADD260FD2B800D29E07 /* Products */,
				0A2659A6005DDB1677FA9AD5 /* Pods */,
				EB280BFBC3B6F74D0925A683 /* Frameworks */,
			);
			sourceTree = "<group>";
		};
		C3730ADD260FD2B800D29E07 /* Products */ = {
			isa = PBXGroup;
			children = (
				C3730ADC260FD2B800D29E07 /* NBAStatsGo.app */,
				1BE4242E261D5184000220D7 /* NBAStatsGoTests.xctest */,
			);
			name = Products;
			sourceTree = "<group>";
		};
		C3730ADE260FD2B800D29E07 /* NBAStatsGo */ = {
			isa = PBXGroup;
			children = (
				C333A8C2261C604B002055DB /* Components */,
				C334ED5D2613953D00F38E32 /* API */,
				C334ED612613953D00F38E32 /* Model */,
				C334ED552613858100F38E32 /* Helpers */,
				C3730AF92612605300D29E07 /* Controllers */,
				C3730ADF260FD2B800D29E07 /* AppDelegate.swift */,
				C3730AE1260FD2B800D29E07 /* SceneDelegate.swift */,
				C3730AE5260FD2B800D29E07 /* Main.storyboard */,
				C3730AE8260FD2BC00D29E07 /* Assets.xcassets */,
				C3730AEA260FD2BC00D29E07 /* LaunchScreen.storyboard */,
				C3730AED260FD2BC00D29E07 /* Info.plist */,
			);
			path = NBAStatsGo;
			sourceTree = "<group>";
		};
		C3730AF92612605300D29E07 /* Controllers */ = {
			isa = PBXGroup;
			children = (
				C3730AFA2612609800D29E07 /* SearchTableViewController.swift */,
				C334ED4926127A2600F38E32 /* StatlinesViewController.swift */,
				C334ED4C26127A7A00F38E32 /* ComparisonViewController.swift */,
				C334ED4F2612873B00F38E32 /* PlayerStatsViewController.swift */,
				C334ED522612890700F38E32 /* ChartComparisonViewController.swift */,
				C333A8B3261C308E002055DB /* HomeViewController.swift */,
			);
			path = Controllers;
			sourceTree = "<group>";
		};
		C3DAB4EF26200BA30070DD25 /* ChartComparison */ = {
			isa = PBXGroup;
			children = (
				C3DAB4F026200BA90070DD25 /* Extensions */,
			);
			path = ChartComparison;
			sourceTree = "<group>";
		};
		C3DAB4F026200BA90070DD25 /* Extensions */ = {
			isa = PBXGroup;
			children = (
				C3DAB4F126200BCA0070DD25 /* ChartComparisonViewControllerExtension.swift */,
			);
			path = Extensions;
			sourceTree = "<group>";
		};
		EB280BFBC3B6F74D0925A683 /* Frameworks */ = {
			isa = PBXGroup;
			children = (
				88DBDBE8F2EC94B4889FC0A0 /* Pods_NBAStatsGo.framework */,
				2BEABBC57A98719E53426A81 /* Pods_NBAStatsGoTests.framework */,
			);
			name = Frameworks;
			sourceTree = "<group>";
		};
/* End PBXGroup section */

/* Begin PBXNativeTarget section */
		1BE4242D261D5184000220D7 /* NBAStatsGoTests */ = {
			isa = PBXNativeTarget;
			buildConfigurationList = 1BE42435261D5184000220D7 /* Build configuration list for PBXNativeTarget "NBAStatsGoTests" */;
			buildPhases = (
				92D901A02FDDDEA3723CAE85 /* [CP] Check Pods Manifest.lock */,
				1BE4242A261D5184000220D7 /* Sources */,
				1BE4242B261D5184000220D7 /* Frameworks */,
				1BE4242C261D5184000220D7 /* Resources */,
			);
			buildRules = (
			);
			dependencies = (
				1BE42434261D5184000220D7 /* PBXTargetDependency */,
			);
			name = NBAStatsGoTests;
			productName = NBAStatsGoTests;
			productReference = 1BE4242E261D5184000220D7 /* NBAStatsGoTests.xctest */;
			productType = "com.apple.product-type.bundle.unit-test";
		};
		C3730ADB260FD2B800D29E07 /* NBAStatsGo */ = {
			isa = PBXNativeTarget;
			buildConfigurationList = C3730AF0260FD2BC00D29E07 /* Build configuration list for PBXNativeTarget "NBAStatsGo" */;
			buildPhases = (
				917D35A721E93CDBDDC5C295 /* [CP] Check Pods Manifest.lock */,
				C3730AD8260FD2B800D29E07 /* Sources */,
				C3730AD9260FD2B800D29E07 /* Frameworks */,
				C3730ADA260FD2B800D29E07 /* Resources */,
				917E9AA52ED2A9B4352B2C4D /* [CP] Embed Pods Frameworks */,
			);
			buildRules = (
			);
			dependencies = (
			);
			name = NBAStatsGo;
			productName = NBAStatsGo;
			productReference = C3730ADC260FD2B800D29E07 /* NBAStatsGo.app */;
			productType = "com.apple.product-type.application";
		};
/* End PBXNativeTarget section */

/* Begin PBXProject section */
		C3730AD4260FD2B700D29E07 /* Project object */ = {
			isa = PBXProject;
			attributes = {
				LastSwiftUpdateCheck = 1240;
				LastUpgradeCheck = 1240;
				TargetAttributes = {
					1BE4242D261D5184000220D7 = {
						CreatedOnToolsVersion = 12.4;
						TestTargetID = C3730ADB260FD2B800D29E07;
					};
					C3730ADB260FD2B800D29E07 = {
						CreatedOnToolsVersion = 12.4;
					};
				};
			};
			buildConfigurationList = C3730AD7260FD2B700D29E07 /* Build configuration list for PBXProject "NBAStatsGo" */;
			compatibilityVersion = "Xcode 9.3";
			developmentRegion = en;
			hasScannedForEncodings = 0;
			knownRegions = (
				en,
				Base,
			);
			mainGroup = C3730AD3260FD2B700D29E07;
			productRefGroup = C3730ADD260FD2B800D29E07 /* Products */;
			projectDirPath = "";
			projectRoot = "";
			targets = (
				C3730ADB260FD2B800D29E07 /* NBAStatsGo */,
				1BE4242D261D5184000220D7 /* NBAStatsGoTests */,
			);
		};
/* End PBXProject section */

/* Begin PBXResourcesBuildPhase section */
		1BE4242C261D5184000220D7 /* Resources */ = {
			isa = PBXResourcesBuildPhase;
			buildActionMask = 2147483647;
			files = (
			);
			runOnlyForDeploymentPostprocessing = 0;
		};
		C3730ADA260FD2B800D29E07 /* Resources */ = {
			isa = PBXResourcesBuildPhase;
			buildActionMask = 2147483647;
			files = (
				C3730AEC260FD2BC00D29E07 /* LaunchScreen.storyboard in Resources */,
				C3730AE9260FD2BC00D29E07 /* Assets.xcassets in Resources */,
				C3730AF7260FE1C100D29E07 /* README.md in Resources */,
				C3730AE7260FD2B800D29E07 /* Main.storyboard in Resources */,
				1BE42449261E985A000220D7 /* teams.json in Resources */,
			);
			runOnlyForDeploymentPostprocessing = 0;
		};
/* End PBXResourcesBuildPhase section */

/* Begin PBXShellScriptBuildPhase section */
		917D35A721E93CDBDDC5C295 /* [CP] Check Pods Manifest.lock */ = {
			isa = PBXShellScriptBuildPhase;
			buildActionMask = 2147483647;
			files = (
			);
			inputFileListPaths = (
			);
			inputPaths = (
				"${PODS_PODFILE_DIR_PATH}/Podfile.lock",
				"${PODS_ROOT}/Manifest.lock",
			);
			name = "[CP] Check Pods Manifest.lock";
			outputFileListPaths = (
			);
			outputPaths = (
				"$(DERIVED_FILE_DIR)/Pods-NBAStatsGo-checkManifestLockResult.txt",
			);
			runOnlyForDeploymentPostprocessing = 0;
			shellPath = /bin/sh;
			shellScript = "diff \"${PODS_PODFILE_DIR_PATH}/Podfile.lock\" \"${PODS_ROOT}/Manifest.lock\" > /dev/null\nif [ $? != 0 ] ; then\n    # print error to STDERR\n    echo \"error: The sandbox is not in sync with the Podfile.lock. Run 'pod install' or update your CocoaPods installation.\" >&2\n    exit 1\nfi\n# This output is used by Xcode 'outputs' to avoid re-running this script phase.\necho \"SUCCESS\" > \"${SCRIPT_OUTPUT_FILE_0}\"\n";
			showEnvVarsInLog = 0;
		};
		917E9AA52ED2A9B4352B2C4D /* [CP] Embed Pods Frameworks */ = {
			isa = PBXShellScriptBuildPhase;
			buildActionMask = 2147483647;
			files = (
			);
			inputFileListPaths = (
				"${PODS_ROOT}/Target Support Files/Pods-NBAStatsGo/Pods-NBAStatsGo-frameworks-${CONFIGURATION}-input-files.xcfilelist",
			);
			name = "[CP] Embed Pods Frameworks";
			outputFileListPaths = (
				"${PODS_ROOT}/Target Support Files/Pods-NBAStatsGo/Pods-NBAStatsGo-frameworks-${CONFIGURATION}-output-files.xcfilelist",
			);
			runOnlyForDeploymentPostprocessing = 0;
			shellPath = /bin/sh;
			shellScript = "\"${PODS_ROOT}/Target Support Files/Pods-NBAStatsGo/Pods-NBAStatsGo-frameworks.sh\"\n";
			showEnvVarsInLog = 0;
		};
		92D901A02FDDDEA3723CAE85 /* [CP] Check Pods Manifest.lock */ = {
			isa = PBXShellScriptBuildPhase;
			buildActionMask = 2147483647;
			files = (
			);
			inputFileListPaths = (
			);
			inputPaths = (
				"${PODS_PODFILE_DIR_PATH}/Podfile.lock",
				"${PODS_ROOT}/Manifest.lock",
			);
			name = "[CP] Check Pods Manifest.lock";
			outputFileListPaths = (
			);
			outputPaths = (
				"$(DERIVED_FILE_DIR)/Pods-NBAStatsGoTests-checkManifestLockResult.txt",
			);
			runOnlyForDeploymentPostprocessing = 0;
			shellPath = /bin/sh;
			shellScript = "diff \"${PODS_PODFILE_DIR_PATH}/Podfile.lock\" \"${PODS_ROOT}/Manifest.lock\" > /dev/null\nif [ $? != 0 ] ; then\n    # print error to STDERR\n    echo \"error: The sandbox is not in sync with the Podfile.lock. Run 'pod install' or update your CocoaPods installation.\" >&2\n    exit 1\nfi\n# This output is used by Xcode 'outputs' to avoid re-running this script phase.\necho \"SUCCESS\" > \"${SCRIPT_OUTPUT_FILE_0}\"\n";
			showEnvVarsInLog = 0;
		};
/* End PBXShellScriptBuildPhase section */

/* Begin PBXSourcesBuildPhase section */
		1BE4242A261D5184000220D7 /* Sources */ = {
			isa = PBXSourcesBuildPhase;
			buildActionMask = 2147483647;
			files = (
				1BE42431261D5184000220D7 /* NBAStatsGoTests.swift in Sources */,
			);
			runOnlyForDeploymentPostprocessing = 0;
		};
		C3730AD8260FD2B800D29E07 /* Sources */ = {
			isa = PBXSourcesBuildPhase;
			buildActionMask = 2147483647;
			files = (
				C333A8C0261C570F002055DB /* SearchTableViewControllerExtension.swift in Sources */,
				C3DA7FE22625AD02000CB062 /* GeneralExtensions.swift in Sources */,
				C3730AE0260FD2B800D29E07 /* AppDelegate.swift in Sources */,
				C334ED502612873B00F38E32 /* PlayerStatsViewController.swift in Sources */,
				C333A8D1261EBFDD002055DB /* Alert.swift in Sources */,
				C333A8CE261CC1F9002055DB /* ComparisonViewControllerExtension.swift in Sources */,
				C333A8C9261C717E002055DB /* StatlinesViewControllerExtension.swift in Sources */,
				C334ED692613953D00F38E32 /* APIManager.swift in Sources */,
				C334ED6E2613953D00F38E32 /* Team.swift in Sources */,
				C3DAB4F226200BCA0070DD25 /* ChartComparisonViewControllerExtension.swift in Sources */,
				C333A8C4261C606B002055DB /* SectionHeaderLabel.swift in Sources */,
				C3730AE2260FD2B800D29E07 /* SceneDelegate.swift in Sources */,
				C333A8B4261C308E002055DB /* HomeViewController.swift in Sources */,
				C334ED4D26127A7A00F38E32 /* ComparisonViewController.swift in Sources */,
				C334ED5926138BB000F38E32 /* Initializers.swift in Sources */,
				C334ED6F2613953D00F38E32 /* StatCategory.swift in Sources */,
				C334ED4A26127A2600F38E32 /* StatlinesViewController.swift in Sources */,
				C334ED6A2613953D00F38E32 /* BallDontLieAPIManager.swift in Sources */,
				C3DAB4F5262018150070DD25 /* ChartComparisonCell.swift in Sources */,
				C334ED532612890800F38E32 /* ChartComparisonViewController.swift in Sources */,
				C334ED6D2613953D00F38E32 /* Game.swift in Sources */,
				C3DAB4F82620382B0070DD25 /* StatlinesViewPickerExtension.swift in Sources */,
				C3730AFB2612609800D29E07 /* SearchTableViewController.swift in Sources */,
				C334ED6B2613953D00F38E32 /* PlayerGameStats.swift in Sources */,
				C334ED682613953D00F38E32 /* APIError.swift in Sources */,
				C334ED702613953D00F38E32 /* Player.swift in Sources */,
				C334ED6C2613953D00F38E32 /* PlayerSeasonAverageStats.swift in Sources */,
			);
			runOnlyForDeploymentPostprocessing = 0;
		};
/* End PBXSourcesBuildPhase section */

/* Begin PBXTargetDependency section */
		1BE42434261D5184000220D7 /* PBXTargetDependency */ = {
			isa = PBXTargetDependency;
			target = C3730ADB260FD2B800D29E07 /* NBAStatsGo */;
			targetProxy = 1BE42433261D5184000220D7 /* PBXContainerItemProxy */;
		};
/* End PBXTargetDependency section */

/* Begin PBXVariantGroup section */
		C3730AE5260FD2B800D29E07 /* Main.storyboard */ = {
			isa = PBXVariantGroup;
			children = (
				C3730AE6260FD2B800D29E07 /* Base */,
			);
			name = Main.storyboard;
			sourceTree = "<group>";
		};
		C3730AEA260FD2BC00D29E07 /* LaunchScreen.storyboard */ = {
			isa = PBXVariantGroup;
			children = (
				C3730AEB260FD2BC00D29E07 /* Base */,
			);
			name = LaunchScreen.storyboard;
			sourceTree = "<group>";
		};
/* End PBXVariantGroup section */

/* Begin XCBuildConfiguration section */
		1BE42436261D5184000220D7 /* Debug */ = {
			isa = XCBuildConfiguration;
			baseConfigurationReference = 004EC43B8BCE11FC293D264B /* Pods-NBAStatsGoTests.debug.xcconfig */;
			buildSettings = {
				BUNDLE_LOADER = "$(TEST_HOST)";
				CODE_SIGN_STYLE = Automatic;
				DEVELOPMENT_TEAM = PK8SY5QZ6S;
				INFOPLIST_FILE = NBAStatsGoTests/Info.plist;
				LD_RUNPATH_SEARCH_PATHS = (
					"$(inherited)",
					"@executable_path/Frameworks",
					"@loader_path/Frameworks",
				);
				PRODUCT_BUNDLE_IDENTIFIER = com.Jorge.NBAStatsGoTests;
				PRODUCT_NAME = "$(TARGET_NAME)";
				SWIFT_VERSION = 5.0;
				TARGETED_DEVICE_FAMILY = "1,2";
				TEST_HOST = "$(BUILT_PRODUCTS_DIR)/NBAStatsGo.app/NBAStatsGo";
			};
			name = Debug;
		};
		1BE42437261D5184000220D7 /* Release */ = {
			isa = XCBuildConfiguration;
			baseConfigurationReference = 2EAB030DAF9AFB1C4B80EA02 /* Pods-NBAStatsGoTests.release.xcconfig */;
			buildSettings = {
				BUNDLE_LOADER = "$(TEST_HOST)";
				CODE_SIGN_STYLE = Automatic;
				DEVELOPMENT_TEAM = PK8SY5QZ6S;
				INFOPLIST_FILE = NBAStatsGoTests/Info.plist;
				LD_RUNPATH_SEARCH_PATHS = (
					"$(inherited)",
					"@executable_path/Frameworks",
					"@loader_path/Frameworks",
				);
				PRODUCT_BUNDLE_IDENTIFIER = com.Jorge.NBAStatsGoTests;
				PRODUCT_NAME = "$(TARGET_NAME)";
				SWIFT_VERSION = 5.0;
				TARGETED_DEVICE_FAMILY = "1,2";
				TEST_HOST = "$(BUILT_PRODUCTS_DIR)/NBAStatsGo.app/NBAStatsGo";
			};
			name = Release;
		};
		C3730AEE260FD2BC00D29E07 /* Debug */ = {
			isa = XCBuildConfiguration;
			buildSettings = {
				ALWAYS_SEARCH_USER_PATHS = NO;
				CLANG_ANALYZER_NONNULL = YES;
				CLANG_ANALYZER_NUMBER_OBJECT_CONVERSION = YES_AGGRESSIVE;
				CLANG_CXX_LANGUAGE_STANDARD = "gnu++14";
				CLANG_CXX_LIBRARY = "libc++";
				CLANG_ENABLE_MODULES = YES;
				CLANG_ENABLE_OBJC_ARC = YES;
				CLANG_ENABLE_OBJC_WEAK = YES;
				CLANG_WARN_BLOCK_CAPTURE_AUTORELEASING = YES;
				CLANG_WARN_BOOL_CONVERSION = YES;
				CLANG_WARN_COMMA = YES;
				CLANG_WARN_CONSTANT_CONVERSION = YES;
				CLANG_WARN_DEPRECATED_OBJC_IMPLEMENTATIONS = YES;
				CLANG_WARN_DIRECT_OBJC_ISA_USAGE = YES_ERROR;
				CLANG_WARN_DOCUMENTATION_COMMENTS = YES;
				CLANG_WARN_EMPTY_BODY = YES;
				CLANG_WARN_ENUM_CONVERSION = YES;
				CLANG_WARN_INFINITE_RECURSION = YES;
				CLANG_WARN_INT_CONVERSION = YES;
				CLANG_WARN_NON_LITERAL_NULL_CONVERSION = YES;
				CLANG_WARN_OBJC_IMPLICIT_RETAIN_SELF = YES;
				CLANG_WARN_OBJC_LITERAL_CONVERSION = YES;
				CLANG_WARN_OBJC_ROOT_CLASS = YES_ERROR;
				CLANG_WARN_QUOTED_INCLUDE_IN_FRAMEWORK_HEADER = YES;
				CLANG_WARN_RANGE_LOOP_ANALYSIS = YES;
				CLANG_WARN_STRICT_PROTOTYPES = YES;
				CLANG_WARN_SUSPICIOUS_MOVE = YES;
				CLANG_WARN_UNGUARDED_AVAILABILITY = YES_AGGRESSIVE;
				CLANG_WARN_UNREACHABLE_CODE = YES;
				CLANG_WARN__DUPLICATE_METHOD_MATCH = YES;
				COPY_PHASE_STRIP = NO;
				DEBUG_INFORMATION_FORMAT = dwarf;
				ENABLE_STRICT_OBJC_MSGSEND = YES;
				ENABLE_TESTABILITY = YES;
				GCC_C_LANGUAGE_STANDARD = gnu11;
				GCC_DYNAMIC_NO_PIC = NO;
				GCC_NO_COMMON_BLOCKS = YES;
				GCC_OPTIMIZATION_LEVEL = 0;
				GCC_PREPROCESSOR_DEFINITIONS = (
					"DEBUG=1",
					"$(inherited)",
				);
				GCC_WARN_64_TO_32_BIT_CONVERSION = YES;
				GCC_WARN_ABOUT_RETURN_TYPE = YES_ERROR;
				GCC_WARN_UNDECLARED_SELECTOR = YES;
				GCC_WARN_UNINITIALIZED_AUTOS = YES_AGGRESSIVE;
				GCC_WARN_UNUSED_FUNCTION = YES;
				GCC_WARN_UNUSED_VARIABLE = YES;
				IPHONEOS_DEPLOYMENT_TARGET = 14.4;
				MTL_ENABLE_DEBUG_INFO = INCLUDE_SOURCE;
				MTL_FAST_MATH = YES;
				ONLY_ACTIVE_ARCH = YES;
				SDKROOT = iphoneos;
				SWIFT_ACTIVE_COMPILATION_CONDITIONS = DEBUG;
				SWIFT_OPTIMIZATION_LEVEL = "-Onone";
			};
			name = Debug;
		};
		C3730AEF260FD2BC00D29E07 /* Release */ = {
			isa = XCBuildConfiguration;
			buildSettings = {
				ALWAYS_SEARCH_USER_PATHS = NO;
				CLANG_ANALYZER_NONNULL = YES;
				CLANG_ANALYZER_NUMBER_OBJECT_CONVERSION = YES_AGGRESSIVE;
				CLANG_CXX_LANGUAGE_STANDARD = "gnu++14";
				CLANG_CXX_LIBRARY = "libc++";
				CLANG_ENABLE_MODULES = YES;
				CLANG_ENABLE_OBJC_ARC = YES;
				CLANG_ENABLE_OBJC_WEAK = YES;
				CLANG_WARN_BLOCK_CAPTURE_AUTORELEASING = YES;
				CLANG_WARN_BOOL_CONVERSION = YES;
				CLANG_WARN_COMMA = YES;
				CLANG_WARN_CONSTANT_CONVERSION = YES;
				CLANG_WARN_DEPRECATED_OBJC_IMPLEMENTATIONS = YES;
				CLANG_WARN_DIRECT_OBJC_ISA_USAGE = YES_ERROR;
				CLANG_WARN_DOCUMENTATION_COMMENTS = YES;
				CLANG_WARN_EMPTY_BODY = YES;
				CLANG_WARN_ENUM_CONVERSION = YES;
				CLANG_WARN_INFINITE_RECURSION = YES;
				CLANG_WARN_INT_CONVERSION = YES;
				CLANG_WARN_NON_LITERAL_NULL_CONVERSION = YES;
				CLANG_WARN_OBJC_IMPLICIT_RETAIN_SELF = YES;
				CLANG_WARN_OBJC_LITERAL_CONVERSION = YES;
				CLANG_WARN_OBJC_ROOT_CLASS = YES_ERROR;
				CLANG_WARN_QUOTED_INCLUDE_IN_FRAMEWORK_HEADER = YES;
				CLANG_WARN_RANGE_LOOP_ANALYSIS = YES;
				CLANG_WARN_STRICT_PROTOTYPES = YES;
				CLANG_WARN_SUSPICIOUS_MOVE = YES;
				CLANG_WARN_UNGUARDED_AVAILABILITY = YES_AGGRESSIVE;
				CLANG_WARN_UNREACHABLE_CODE = YES;
				CLANG_WARN__DUPLICATE_METHOD_MATCH = YES;
				COPY_PHASE_STRIP = NO;
				DEBUG_INFORMATION_FORMAT = "dwarf-with-dsym";
				ENABLE_NS_ASSERTIONS = NO;
				ENABLE_STRICT_OBJC_MSGSEND = YES;
				GCC_C_LANGUAGE_STANDARD = gnu11;
				GCC_NO_COMMON_BLOCKS = YES;
				GCC_WARN_64_TO_32_BIT_CONVERSION = YES;
				GCC_WARN_ABOUT_RETURN_TYPE = YES_ERROR;
				GCC_WARN_UNDECLARED_SELECTOR = YES;
				GCC_WARN_UNINITIALIZED_AUTOS = YES_AGGRESSIVE;
				GCC_WARN_UNUSED_FUNCTION = YES;
				GCC_WARN_UNUSED_VARIABLE = YES;
				IPHONEOS_DEPLOYMENT_TARGET = 14.4;
				MTL_ENABLE_DEBUG_INFO = NO;
				MTL_FAST_MATH = YES;
				SDKROOT = iphoneos;
				SWIFT_COMPILATION_MODE = wholemodule;
				SWIFT_OPTIMIZATION_LEVEL = "-O";
				VALIDATE_PRODUCT = YES;
			};
			name = Release;
		};
		C3730AF1260FD2BC00D29E07 /* Debug */ = {
			isa = XCBuildConfiguration;
			baseConfigurationReference = C5A0C36BE8F24BBD6A2AFC8B /* Pods-NBAStatsGo.debug.xcconfig */;
			buildSettings = {
				ASSETCATALOG_COMPILER_APPICON_NAME = AppIcon;
				ASSETCATALOG_COMPILER_GLOBAL_ACCENT_COLOR_NAME = AccentColor;
				CODE_SIGN_STYLE = Automatic;
				INFOPLIST_FILE = NBAStatsGo/Info.plist;
				LD_RUNPATH_SEARCH_PATHS = (
					"$(inherited)",
					"@executable_path/Frameworks",
				);
				PRODUCT_BUNDLE_IDENTIFIER = ECE564.NBAStatsGo;
				PRODUCT_NAME = "$(TARGET_NAME)";
				SWIFT_VERSION = 5.0;
				TARGETED_DEVICE_FAMILY = "1,2";
			};
			name = Debug;
		};
		C3730AF2260FD2BC00D29E07 /* Release */ = {
			isa = XCBuildConfiguration;
			baseConfigurationReference = D37E08CC5721A1D59103635C /* Pods-NBAStatsGo.release.xcconfig */;
			buildSettings = {
				ASSETCATALOG_COMPILER_APPICON_NAME = AppIcon;
				ASSETCATALOG_COMPILER_GLOBAL_ACCENT_COLOR_NAME = AccentColor;
				CODE_SIGN_STYLE = Automatic;
				INFOPLIST_FILE = NBAStatsGo/Info.plist;
				LD_RUNPATH_SEARCH_PATHS = (
					"$(inherited)",
					"@executable_path/Frameworks",
				);
				PRODUCT_BUNDLE_IDENTIFIER = ECE564.NBAStatsGo;
				PRODUCT_NAME = "$(TARGET_NAME)";
				SWIFT_VERSION = 5.0;
				TARGETED_DEVICE_FAMILY = "1,2";
			};
			name = Release;
		};
/* End XCBuildConfiguration section */

/* Begin XCConfigurationList section */
		1BE42435261D5184000220D7 /* Build configuration list for PBXNativeTarget "NBAStatsGoTests" */ = {
			isa = XCConfigurationList;
			buildConfigurations = (
				1BE42436261D5184000220D7 /* Debug */,
				1BE42437261D5184000220D7 /* Release */,
			);
			defaultConfigurationIsVisible = 0;
			defaultConfigurationName = Release;
		};
		C3730AD7260FD2B700D29E07 /* Build configuration list for PBXProject "NBAStatsGo" */ = {
			isa = XCConfigurationList;
			buildConfigurations = (
				C3730AEE260FD2BC00D29E07 /* Debug */,
				C3730AEF260FD2BC00D29E07 /* Release */,
			);
			defaultConfigurationIsVisible = 0;
			defaultConfigurationName = Release;
		};
		C3730AF0260FD2BC00D29E07 /* Build configuration list for PBXNativeTarget "NBAStatsGo" */ = {
			isa = XCConfigurationList;
			buildConfigurations = (
				C3730AF1260FD2BC00D29E07 /* Debug */,
				C3730AF2260FD2BC00D29E07 /* Release */,
			);
			defaultConfigurationIsVisible = 0;
			defaultConfigurationName = Release;
		};
/* End XCConfigurationList section */
	};
	rootObject = C3730AD4260FD2B700D29E07 /* Project object */;
}
